
Microsoft Visual Studio Solution File, Format Version 12.00
# Visual Studio Version 17
VisualStudioVersion = 17.10.35122.118
MinimumVisualStudioVersion = 10.0.40219.1
Project("{2150E333-8FDC-42A3-9474-1A3956D46DE8}") = "Applications", "Applications", "{AA7BF099-547C-4AC8-A35A-596464365EC9}"
EndProject
Project("{9A19103F-16F7-4668-BE54-9A1E7A4F7556}") = "SV21T1020873.Admin", "SV21T1020873.Admin\SV21T1020873.Admin.csproj", "{F699DD40-B290-48F8-8783-B94B4638210F}"
EndProject
Project("{2150E333-8FDC-42A3-9474-1A3956D46DE8}") = "Libraries", "Libraries", "{75D2F231-FDBD-4018-9E88-4EB1B08C014F}"
EndProject
Project("{9A19103F-16F7-4668-BE54-9A1E7A4F7556}") = "SV21T1020873.DomainModels", "SV21T1020873.DomainModels\SV21T1020873.DomainModels.csproj", "{03D6906E-0854-478A-AA96-7724F7285B00}"
EndProject
Project("{9A19103F-16F7-4668-BE54-9A1E7A4F7556}") = "SV21T1020873.DataLayers", "SV21T1020873.Datalayers\SV21T1020873.DataLayers.csproj", "{31E0245F-0E73-4A23-A3AA-7DD72F7FA9B8}"
EndProject
Project("{9A19103F-16F7-4668-BE54-9A1E7A4F7556}") = "SV21T1020873.BusinessLayers", "SV21T1020873.BusinessLayers\SV21T1020873.BusinessLayers.csproj", "{2605EE99-EB02-4E1D-851B-3E8DCA345B2F}"
EndProject
Project("{FAE04EC0-301F-11D3-BF4B-00C04F79EFBC}") = "SV21T1020873.Shop", "SV21T1020873.Shop\SV21T1020873.Shop.csproj", "{3CEB4AA3-F714-4985-8E4E-5B6F91359757}"
EndProject
Global
	GlobalSection(SolutionConfigurationPlatforms) = preSolution
		Debug|Any CPU = Debug|Any CPU
		Release|Any CPU = Release|Any CPU
	EndGlobalSection
	GlobalSection(ProjectConfigurationPlatforms) = postSolution
		{F699DD40-B290-48F8-8783-B94B4638210F}.Debug|Any CPU.ActiveCfg = Debug|Any CPU
		{F699DD40-B290-48F8-8783-B94B4638210F}.Debug|Any CPU.Build.0 = Debug|Any CPU
		{F699DD40-B290-48F8-8783-B94B4638210F}.Release|Any CPU.ActiveCfg = Release|Any CPU
		{F699DD40-B290-48F8-8783-B94B4638210F}.Release|Any CPU.Build.0 = Release|Any CPU
		{03D6906E-0854-478A-AA96-7724F7285B00}.Debug|Any CPU.ActiveCfg = Debug|Any CPU
		{03D6906E-0854-478A-AA96-7724F7285B00}.Debug|Any CPU.Build.0 = Debug|Any CPU
		{03D6906E-0854-478A-AA96-7724F7285B00}.Release|Any CPU.ActiveCfg = Release|Any CPU
		{03D6906E-0854-478A-AA96-7724F7285B00}.Release|Any CPU.Build.0 = Release|Any CPU
		{31E0245F-0E73-4A23-A3AA-7DD72F7FA9B8}.Debug|Any CPU.ActiveCfg = Debug|Any CPU
		{31E0245F-0E73-4A23-A3AA-7DD72F7FA9B8}.Debug|Any CPU.Build.0 = Debug|Any CPU
		{31E0245F-0E73-4A23-A3AA-7DD72F7FA9B8}.Release|Any CPU.ActiveCfg = Release|Any CPU
		{31E0245F-0E73-4A23-A3AA-7DD72F7FA9B8}.Release|Any CPU.Build.0 = Release|Any CPU
		{2605EE99-EB02-4E1D-851B-3E8DCA345B2F}.Debug|Any CPU.ActiveCfg = Debug|Any CPU
		{2605EE99-EB02-4E1D-851B-3E8DCA345B2F}.Debug|Any CPU.Build.0 = Debug|Any CPU
		{2605EE99-EB02-4E1D-851B-3E8DCA345B2F}.Release|Any CPU.ActiveCfg = Release|Any CPU
		{2605EE99-EB02-4E1D-851B-3E8DCA345B2F}.Release|Any CPU.Build.0 = Release|Any CPU
		{3CEB4AA3-F714-4985-8E4E-5B6F91359757}.Debug|Any CPU.ActiveCfg = Debug|Any CPU
		{3CEB4AA3-F714-4985-8E4E-5B6F91359757}.Debug|Any CPU.Build.0 = Debug|Any CPU
		{3CEB4AA3-F714-4985-8E4E-5B6F91359757}.Release|Any CPU.ActiveCfg = Release|Any CPU
		{3CEB4AA3-F714-4985-8E4E-5B6F91359757}.Release|Any CPU.Build.0 = Release|Any CPU
	EndGlobalSection
	GlobalSection(SolutionProperties) = preSolution
		HideSolutionNode = FALSE
	EndGlobalSection
	GlobalSection(NestedProjects) = preSolution
		{F699DD40-B290-48F8-8783-B94B4638210F} = {AA7BF099-547C-4AC8-A35A-596464365EC9}
		{03D6906E-0854-478A-AA96-7724F7285B00} = {75D2F231-FDBD-4018-9E88-4EB1B08C014F}
		{31E0245F-0E73-4A23-A3AA-7DD72F7FA9B8} = {75D2F231-FDBD-4018-9E88-4EB1B08C014F}
		{2605EE99-EB02-4E1D-851B-3E8DCA345B2F} = {75D2F231-FDBD-4018-9E88-4EB1B08C014F}
		{3CEB4AA3-F714-4985-8E4E-5B6F91359757} = {AA7BF099-547C-4AC8-A35A-596464365EC9}
	EndGlobalSection
	GlobalSection(ExtensibilityGlobals) = postSolution
		SolutionGuid = {F0A22F2E-4CF7-4E63-9D42-B07966E0F56F}
	EndGlobalSection
EndGlobal
